
Microsoft Visual Studio Solution File, Format Version 12.00
# Visual Studio Version 16
VisualStudioVersion = 16.0.29613.14
MinimumVisualStudioVersion = 10.0.40219.1
Project("{9A19103F-16F7-4668-BE54-9A1E7A4F7556}") = "sali-site", "sali-site\sali-site.csproj", "{E3D0C026-3AEC-4699-A66D-E9A4B012F2B4}"
EndProject
Project("{FAE04EC0-301F-11D3-BF4B-00C04F79EFBC}") = "SaliLib", "SaliLib\SaliLib.csproj", "{E0764927-3453-4109-BE4C-61609DDA95F8}"
EndProject
Global
	GlobalSection(SolutionConfigurationPlatforms) = preSolution
		Debug|Any CPU = Debug|Any CPU
		Release|Any CPU = Release|Any CPU
	EndGlobalSection
	GlobalSection(ProjectConfigurationPlatforms) = postSolution
		{E3D0C026-3AEC-4699-A66D-E9A4B012F2B4}.Debug|Any CPU.ActiveCfg = Debug|Any CPU
		{E3D0C026-3AEC-4699-A66D-E9A4B012F2B4}.Debug|Any CPU.Build.0 = Debug|Any CPU
		{E3D0C026-3AEC-4699-A66D-E9A4B012F2B4}.Release|Any CPU.ActiveCfg = Release|Any CPU
		{E3D0C026-3AEC-4699-A66D-E9A4B012F2B4}.Release|Any CPU.Build.0 = Release|Any CPU
		{E0764927-3453-4109-BE4C-61609DDA95F8}.Debug|Any CPU.ActiveCfg = Debug|Any CPU
		{E0764927-3453-4109-BE4C-61609DDA95F8}.Debug|Any CPU.Build.0 = Debug|Any CPU
		{E0764927-3453-4109-BE4C-61609DDA95F8}.Release|Any CPU.ActiveCfg = Release|Any CPU
		{E0764927-3453-4109-BE4C-61609DDA95F8}.Release|Any CPU.Build.0 = Release|Any CPU
	EndGlobalSection
	GlobalSection(SolutionProperties) = preSolution
		HideSolutionNode = FALSE
	EndGlobalSection
	GlobalSection(ExtensibilityGlobals) = postSolution
		SolutionGuid = {24226C79-D559-40E0-B1C4-58928B192ACE}
	EndGlobalSection
EndGlobal
